<?xml version="1.0" encoding="utf-8"?>
<Project ToolsVersion="4.0" xmlns="http://schemas.microsoft.com/developer/msbuild/2003">
  <ItemGroup>
    <Filter Include="Source Files">
      <UniqueIdentifier>{4FC737F1-C7A5-4376-A066-2A32D752A2FF}</UniqueIdentifier>
      <Extensions>cpp;c;cc;cxx;def;odl;idl;hpj;bat;asm;asmx</Extensions>
    </Filter>
    <Filter Include="Header Files">
      <UniqueIdentifier>{93995380-89BD-4b04-88EB-625FBE52EBFB}</UniqueIdentifier>
      <Extensions>h;hpp;hxx;hm;inl;inc;xsd</Extensions>
    </Filter>
    <Filter Include="Resource Files">
      <UniqueIdentifier>{67DA6AB6-F800-4c08-8B7A-83BB121AAD01}</UniqueIdentifier>
      <Extensions>rc;ico;cur;bmp;dlg;rc2;rct;bin;rgs;gif;jpg;jpeg;jpe;resx;tiff;tif;png;wav;mfcribbon-ms</Extensions>
    </Filter>
  </ItemGroup>
  <ItemGroup>
    <ClCompile Include="source\TestWrapper.cpp">
      <Filter>Source Files</Filter>
    </ClCompile>
    <ClCompile Include="..\source\ApplicationWrapper.cpp">
      <Filter>Source Files</Filter>
    </ClCompile>
    <ClCompile Include="..\source\DesignExtractor\Abstractions.h">
      <Filter>Header Files</Filter>
    </ClCompile>
    <ClCompile Include="..\source\AST\ASTBuilder.h">
      <Filter>Header Files</Filter>
    </ClCompile>
    <ClCompile Include="..\source\AST\ASTNode.h">
      <Filter>Header Files</Filter>
    </ClCompile>
    <ClCompile Include="..\source\QPS\DataAccessLayer.cpp">
      <Filter>Header Files</Filter>
    </ClCompile>
    <ClCompile Include="..\source\DesignExtractor.cpp">
      <Filter>Header Files</Filter>
    </ClCompile>
    <ClCompile Include="..\source\DesignExtractor\DesignExtractor.h">
      <Filter>Header Files</Filter>
    </ClCompile>
    <ClCompile Include="..\source\QPS\QueryObjects\DesignObjectsFactory.cpp">
      <Filter>Header Files</Filter>
    </ClCompile>
    <ClCompile Include="..\source\DesignExtractor\Entity.h">
      <Filter>Header Files</Filter>
    </ClCompile>
    <ClCompile Include="..\source\PKB.cpp">
      <Filter>Header Files</Filter>
    </ClCompile>
    <ClCompile Include="..\source\QPS\QueryDriver.cpp">
      <Filter>Header Files</Filter>
    </ClCompile>
    <ClCompile Include="..\source\QPS\QueryObjects\QueryObject.cpp">
      <Filter>Header Files</Filter>
    </ClCompile>
    <ClCompile Include="..\source\QPS\QueryParser.cpp">
      <Filter>Header Files</Filter>
    </ClCompile>
  </ItemGroup>
  <ItemGroup>
    <ClInclude Include="source\AbstractWrapper.h">
      <Filter>Header Files</Filter>
    </ClInclude>
    <ClInclude Include="source\TestWrapper.h">
      <Filter>Header Files</Filter>
    </ClInclude>
    <ClInclude Include="..\source\ApplicationWrapper.h">
      <Filter>Header Files</Filter>
    </ClInclude>
    <ClInclude Include="..\source\PKB\StorageClasses\EntityStorage.h">
      <Filter>Header Files</Filter>
    </ClInclude>
    <ClInclude Include="..\source\PKB\StorageClasses\AbstractionStorage.h">
      <Filter>Header Files</Filter>
    </ClInclude>
    <ClInclude Include="..\source\QPS\QueryObjects\ClauseObject.h">
      <Filter>Header Files</Filter>
    </ClInclude>
    <ClInclude Include="..\source\QPS\QueryObjects\ClauseObjectFactory.h">
      <Filter>Header Files</Filter>
    </ClInclude>
    <ClInclude Include="..\source\QPS\DataAccessLayer.h">
      <Filter>Header Files</Filter>
    </ClInclude>
    <ClInclude Include="..\source\QPS\QueryObjects\DesignObjects.h">
      <Filter>Header Files</Filter>
    </ClInclude>
    <ClInclude Include="..\source\QPS\QueryObjects\DesignObjectsFactory.h">
      <Filter>Header Files</Filter>
    </ClInclude>
    <ClInclude Include="..\source\PKB\StorageClasses\FollowsAbstractionStorage.h">
      <Filter>Header Files</Filter>
    </ClInclude>
    <ClInclude Include="..\source\HelperFunctions.h">
      <Filter>Header Files</Filter>
    </ClInclude>
    <ClInclude Include="..\source\TokenClasses\IdentifierToken.h">
      <Filter>Header Files</Filter>
    </ClInclude>
    <ClInclude Include="..\source\PKB\Insertor.h">
      <Filter>Header Files</Filter>
    </ClInclude>
    <ClInclude Include="..\source\TokenClasses\KeywordToken.h">
      <Filter>Header Files</Filter>
    </ClInclude>
    <ClInclude Include="..\source\TokenClasses\LiteralToken.h">
      <Filter>Header Files</Filter>
    </ClInclude>
    <ClInclude Include="..\source\PKB\StorageClasses\ModifiesAbstractionStorage.h">
      <Filter>Header Files</Filter>
    </ClInclude>
    <ClInclude Include="..\source\TokenClasses\OperatorToken.h">
      <Filter>Header Files</Filter>
    </ClInclude>
    <ClInclude Include="..\source\PKB\StorageClasses\ParentAbstractionStorage.h">
      <Filter>Header Files</Filter>
    </ClInclude>
    <ClInclude Include="..\source\PKB.h">
      <Filter>Header Files</Filter>
    </ClInclude>
    <ClInclude Include="..\source\TokenizerClasses\PQLTokenizer.h">
      <Filter>Header Files</Filter>
    </ClInclude>
    <ClInclude Include="..\source\Constants\QPSPKB.h">
      <Filter>Header Files</Filter>
    </ClInclude>
    <ClInclude Include="..\source\QPS\QueryDriver.h">
      <Filter>Header Files</Filter>
    </ClInclude>
    <ClInclude Include="..\source\QPS\QueryObjects\QueryObject.h">
      <Filter>Header Files</Filter>
    </ClInclude>
    <ClInclude Include="..\source\QPS\QueryObjects\QueryObjectFactory.h">
      <Filter>Header Files</Filter>
    </ClInclude>
    <ClInclude Include="..\source\QPS\QueryParser.h">
      <Filter>Header Files</Filter>
    </ClInclude>
    <ClInclude Include="..\source\PKB\Responder.h">
      <Filter>Header Files</Filter>
    </ClInclude>
    <ClInclude Include="..\source\TokenClasses\SeparatorToken.h">
      <Filter>Header Files</Filter>
    </ClInclude>
    <ClInclude Include="..\source\TokenizerClasses\SIMPLETokenizer.h">
      <Filter>Header Files</Filter>
    </ClInclude>
    <ClInclude Include="..\source\QPS\QueryObjects\SynonymObjects.h">
      <Filter>Header Files</Filter>
    </ClInclude>
    <ClInclude Include="..\source\TokenClasses\Token.h">
      <Filter>Header Files</Filter>
    </ClInclude>
    <ClInclude Include="..\source\TokenizerClasses\TokenFactory.h">
      <Filter>Header Files</Filter>
    </ClInclude>
    <ClInclude Include="..\source\TokenClasses\UnderscoreToken.h">
      <Filter>Header Files</Filter>
    </ClInclude>
    <ClInclude Include="..\source\PKB\StorageClasses\UsesAbstractionStorage.h">
      <Filter>Header Files</Filter>
    </ClInclude>
    <ClInclude Include="..\source\PKB\StorageManager.h">
      <Filter>Header Files</Filter>
    </ClInclude>
  </ItemGroup>
</Project>