<?xml version="1.0" encoding="utf-8"?>
<Project ToolsVersion="4.0" xmlns="http://schemas.microsoft.com/developer/msbuild/2003">
  <ItemGroup>
    <Filter Include="Source Files">
      <UniqueIdentifier>{4FC737F1-C7A5-4376-A066-2A32D752A2FF}</UniqueIdentifier>
      <Extensions>cpp;c;cc;cxx;def;odl;idl;hpj;bat;asm;asmx</Extensions>
    </Filter>
    <Filter Include="Header Files">
      <UniqueIdentifier>{93995380-89BD-4b04-88EB-625FBE52EBFB}</UniqueIdentifier>
      <Extensions>h;hpp;hxx;hm;inl;inc;xsd</Extensions>
    </Filter>
    <Filter Include="Resource Files">
      <UniqueIdentifier>{67DA6AB6-F800-4c08-8B7A-83BB121AAD01}</UniqueIdentifier>
      <Extensions>rc;ico;cur;bmp;dlg;rc2;rct;bin;rgs;gif;jpg;jpeg;jpe;resx;tiff;tif;png;wav;mfcribbon-ms</Extensions>
    </Filter>
    <Filter Include="Header Files\Token Files">
      <UniqueIdentifier>{48e804c7-aaf6-46a0-922c-01d726a67c0e}</UniqueIdentifier>
    </Filter>
    <Filter Include="Header Files\Tokenizer Files">
      <UniqueIdentifier>{e5a54dff-741b-4a40-b105-6f05b055f98a}</UniqueIdentifier>
    </Filter>
  </ItemGroup>
  <ItemGroup>
    <ClCompile Include="..\source\DesignExtractor.cpp">
      <Filter>Source Files</Filter>
    </ClCompile>
    <ClCompile Include="..\source\Parser.cpp">
      <Filter>Source Files</Filter>
    </ClCompile>
    <ClCompile Include="..\source\PKB.cpp">
      <Filter>Source Files</Filter>
    </ClCompile>
    <ClCompile Include="..\source\TNode.cpp">
      <Filter>Source Files</Filter>
    </ClCompile>
  </ItemGroup>
  <ItemGroup>
    <ClInclude Include="..\source\PKB.h">
      <Filter>Header Files</Filter>
    </ClInclude>
    <ClInclude Include="..\source\TNode.h">
      <Filter>Header Files</Filter>
    </ClInclude>
    <ClInclude Include="..\source\TokenizerClasses\PQLTokenizer.h">
      <Filter>Header Files\Tokenizer Files</Filter>
    </ClInclude>
    <ClInclude Include="..\source\TokenizerClasses\TokenizerFunctions.h">
      <Filter>Header Files\Tokenizer Files</Filter>
    </ClInclude>
    <ClInclude Include="..\source\TokenizerClasses\SIMPLETokenizer.h">
      <Filter>Header Files\Tokenizer Files</Filter>
    </ClInclude>
    <ClInclude Include="..\source\TokenClasses\IdentifierToken.h">
      <Filter>Header Files\Token Files</Filter>
    </ClInclude>
    <ClInclude Include="..\source\TokenClasses\KeywordToken.h">
      <Filter>Header Files\Token Files</Filter>
    </ClInclude>
    <ClInclude Include="..\source\TokenClasses\LiteralToken.h">
      <Filter>Header Files\Token Files</Filter>
    </ClInclude>
    <ClInclude Include="..\source\TokenClasses\OperatorToken.h">
      <Filter>Header Files\Token Files</Filter>
    </ClInclude>
    <ClInclude Include="..\source\TokenClasses\SeparatorToken.h">
      <Filter>Header Files\Token Files</Filter>
    </ClInclude>
    <ClInclude Include="..\source\TokenClasses\Token.h">
      <Filter>Header Files\Token Files</Filter>
    </ClInclude>
    <ClInclude Include="..\source\TokenClasses\UnderscoreToken.h">
      <Filter>Header Files\Token Files</Filter>
    </ClInclude>
    <ClInclude Include="..\source\TokenizerClasses\TokenFactory.h">
      <Filter>Header Files\Tokenizer Files</Filter>
    </ClInclude>
  </ItemGroup>
</Project>