<?xml version="1.0" encoding="utf-8"?>
<Project ToolsVersion="4.0" xmlns="http://schemas.microsoft.com/developer/msbuild/2003">
  <ItemGroup>
    <ClCompile Include="..\source\AST\ASTBuilderHelperFunctions.h" />
    <ClCompile Include="..\source\AST\ASTNode.h" />
    <ClCompile Include="..\source\DesignExtractor\Entity.h" />
    <ClCompile Include="..\source\DesignExtractor\EntityExtractor.h" />
    <ClCompile Include="..\source\DesignExtractor\Extractor.h" />
    <ClCompile Include="..\source\DesignExtractor\FollowsAbstractionExtractor.h" />
    <ClCompile Include="..\source\DesignExtractor\ModifiesAbstractionExtractor.h" />
    <ClCompile Include="..\source\DesignExtractor\ParentsAbstractionExtractor.h" />
    <ClCompile Include="..\source\DesignExtractor\ParentsFollowsAbstractionBaseExtractor.h" />
    <ClCompile Include="..\source\DesignExtractor\UsesAbstractionExtractor.h" />
    <ClCompile Include="..\source\DesignExtractor\UsesModifiesAbstractionBaseExtractor.h" />
    <ClCompile Include="..\source\ApplicationWrapper.cpp" />
    <ClCompile Include="..\source\QPS\QueryDriver.cpp">
      <Filter>QPS</Filter>
    </ClCompile>
    <ClCompile Include="..\source\QPS\QueryParser.cpp">
      <Filter>QPS</Filter>
    </ClCompile>
    <ClCompile Include="..\source\DesignExtractor\*.h">
      <Filter>DesignExtractor</Filter>
    </ClCompile>
    <ClCompile Include="..\source\QPS\DataAccessLayer.cpp">
      <Filter>QPS</Filter>
    </ClCompile>
    <ClCompile Include="..\source\AST\**\*.h">
      <Filter>AST</Filter>
    </ClCompile>
    <ClCompile Include="..\source\AST\**\*.h" />
    <ClCompile Include="..\source\DesignExtractor\*.h" />
    <ClCompile Include="..\source\DesignExtractor\*.h" />
    <ClCompile Include="..\source\AST\**\*.h" />
    <ClCompile Include="..\source\DesignExtractor\*.h" />
    <ClCompile Include="..\source\DesignExtractor\*.h" />
    <ClCompile Include="..\source\QPS\QueryObjects\QueryObjectFactory.cpp">
      <Filter>QPS</Filter>
    </ClCompile>
    <ClCompile Include="..\source\AST\**\*.h" />
    <ClCompile Include="..\source\DesignExtractor\*.h" />
    <ClCompile Include="..\source\DesignExtractor\*.h" />
    <ClCompile Include="..\source\AST\**\*.h" />
    <ClCompile Include="..\source\DesignExtractor\*.h" />
    <ClCompile Include="..\source\DesignExtractor\*.h" />
    <ClCompile Include="..\source\QPS\Errors\QPSError.h">
      <Filter>QPS</Filter>
    </ClCompile>
    <ClCompile Include="..\source\QPS\Errors\SyntaxError.h">
      <Filter>QPS</Filter>
    </ClCompile>
    <ClCompile Include="..\source\AST\**\*.h" />
    <ClCompile Include="..\source\AST\**\*.h" />
    <ClCompile Include="..\source\DesignExtractor\*.h" />
    <ClCompile Include="..\source\DesignExtractor\*.h" />
    <ClCompile Include="..\source\QPS\QueryBuilder.h">
      <Filter>QPS</Filter>
    </ClCompile>
    <ClCompile Include="..\source\QPS\QueryBuilder.cpp">
      <Filter>QPS</Filter>
    </ClCompile>
    <ClCompile Include="..\source\AST\**\*.h" />
    <ClCompile Include="..\source\AST\**\*.h" />
    <ClCompile Include="..\source\DesignExtractor\*.h" />
    <ClCompile Include="..\source\DesignExtractor\*.h" />
    <ClCompile Include="..\source\QPS\DataAccessLayerStub.cpp">
      <Filter>QPS</Filter>
    </ClCompile>
    <ClCompile Include="..\source\AST\**\*.h" />
    <ClCompile Include="..\source\AST\**\*.h" />
    <ClCompile Include="..\source\DesignExtractor\*.h" />
    <ClCompile Include="..\source\DesignExtractor\*.h" />
    <ClCompile Include="..\source\DesignExtractor\*.h" />
    <ClCompile Include="..\source\DesignExtractor\*.h" />
    <ClCompile Include="..\source\DesignExtractor\*.h" />
    <ClCompile Include="..\source\DesignExtractor\*.h" />
    <ClCompile Include="..\source\DesignExtractor\*.h" />
    <ClCompile Include="..\source\DesignExtractor\*.h" />
    <ClCompile Include="..\source\DesignExtractor\*.h" />
    <ClCompile Include="..\source\AST\ASTBuilderHelperFunctions.h" />
    <ClCompile Include="..\source\AST\ASTNode.h" />
    <ClCompile Include="..\source\AST\ASTBuilderHelperFunctions.h" />
    <ClCompile Include="..\source\AST\ASTNode.h" />
    <ClCompile Include="..\source\DesignExtractor\Entity.h" />
    <ClCompile Include="..\source\DesignExtractor\EntityExtractor.h" />
    <ClCompile Include="..\source\DesignExtractor\Extractor.h" />
    <ClCompile Include="..\source\DesignExtractor\FollowsAbstractionExtractor.h" />
    <ClCompile Include="..\source\DesignExtractor\ModifiesAbstractionExtractor.h" />
    <ClCompile Include="..\source\DesignExtractor\ParentsAbstractionExtractor.h" />
    <ClCompile Include="..\source\DesignExtractor\ParentsFollowsAbstractionBaseExtractor.h" />
    <ClCompile Include="..\source\DesignExtractor\UsesAbstractionExtractor.h" />
    <ClCompile Include="..\source\DesignExtractor\UsesModifiesAbstractionBaseExtractor.h" />
    <ClCompile Include="..\source\DesignExtractor\Entity.h" />
    <ClCompile Include="..\source\DesignExtractor\EntityExtractor.h" />
    <ClCompile Include="..\source\DesignExtractor\Extractor.h" />
    <ClCompile Include="..\source\DesignExtractor\FollowsAbstractionExtractor.h" />
    <ClCompile Include="..\source\DesignExtractor\ModifiesAbstractionExtractor.h" />
    <ClCompile Include="..\source\DesignExtractor\ParentsAbstractionExtractor.h" />
    <ClCompile Include="..\source\DesignExtractor\ParentsFollowsAbstractionBaseExtractor.h" />
    <ClCompile Include="..\source\DesignExtractor\UsesAbstractionExtractor.h" />
    <ClCompile Include="..\source\DesignExtractor\UsesModifiesAbstractionBaseExtractor.h" />
    <ClCompile Include="..\source\DesignExtractor\Entity.h" />
    <ClCompile Include="..\source\DesignExtractor\EntityExtractor.h" />
    <ClCompile Include="..\source\DesignExtractor\Extractor.h" />
    <ClCompile Include="..\source\DesignExtractor\FollowsAbstractionExtractor.h" />
    <ClCompile Include="..\source\DesignExtractor\ModifiesAbstractionExtractor.h" />
    <ClCompile Include="..\source\DesignExtractor\ParentsAbstractionExtractor.h" />
    <ClCompile Include="..\source\DesignExtractor\ParentsFollowsAbstractionBaseExtractor.h" />
    <ClCompile Include="..\source\DesignExtractor\UsesAbstractionExtractor.h" />
    <ClCompile Include="..\source\DesignExtractor\UsesModifiesAbstractionBaseExtractor.h" />
    <ClCompile Include="..\source\DesignExtractor\Entity.h" />
    <ClCompile Include="..\source\DesignExtractor\EntityExtractor.h" />
    <ClCompile Include="..\source\DesignExtractor\Extractor.h" />
    <ClCompile Include="..\source\DesignExtractor\FollowsAbstractionExtractor.h" />
    <ClCompile Include="..\source\DesignExtractor\ModifiesAbstractionExtractor.h" />
    <ClCompile Include="..\source\DesignExtractor\ParentsAbstractionExtractor.h" />
    <ClCompile Include="..\source\DesignExtractor\ParentsFollowsAbstractionBaseExtractor.h" />
    <ClCompile Include="..\source\DesignExtractor\UsesAbstractionExtractor.h" />
    <ClCompile Include="..\source\DesignExtractor\UsesModifiesAbstractionBaseExtractor.h" />
    <ClCompile Include="..\source\DesignExtractor\Entity.h" />
    <ClCompile Include="..\source\DesignExtractor\EntityExtractor.h" />
    <ClCompile Include="..\source\DesignExtractor\Extractor.h" />
    <ClCompile Include="..\source\DesignExtractor\FollowsAbstractionExtractor.h" />
    <ClCompile Include="..\source\DesignExtractor\ModifiesAbstractionExtractor.h" />
    <ClCompile Include="..\source\DesignExtractor\ParentsAbstractionExtractor.h" />
    <ClCompile Include="..\source\DesignExtractor\ParentsFollowsAbstractionBaseExtractor.h" />
    <ClCompile Include="..\source\DesignExtractor\UsesAbstractionExtractor.h" />
    <ClCompile Include="..\source\DesignExtractor\UsesModifiesAbstractionBaseExtractor.h" />
    <ClCompile Include="..\source\DesignExtractor\Entity.h" />
    <ClCompile Include="..\source\DesignExtractor\EntityExtractor.h" />
    <ClCompile Include="..\source\DesignExtractor\Extractor.h" />
    <ClCompile Include="..\source\DesignExtractor\FollowsAbstractionExtractor.h" />
    <ClCompile Include="..\source\DesignExtractor\ModifiesAbstractionExtractor.h" />
    <ClCompile Include="..\source\DesignExtractor\ParentsAbstractionExtractor.h" />
    <ClCompile Include="..\source\DesignExtractor\ParentsFollowsAbstractionBaseExtractor.h" />
    <ClCompile Include="..\source\DesignExtractor\UsesAbstractionExtractor.h" />
    <ClCompile Include="..\source\DesignExtractor\UsesModifiesAbstractionBaseExtractor.h" />
    <ClCompile Include="..\source\DesignExtractor\Entity.h" />
    <ClCompile Include="..\source\DesignExtractor\EntityExtractor.h" />
    <ClCompile Include="..\source\DesignExtractor\Extractor.h" />
    <ClCompile Include="..\source\DesignExtractor\FollowsAbstractionExtractor.h" />
    <ClCompile Include="..\source\DesignExtractor\ModifiesAbstractionExtractor.h" />
    <ClCompile Include="..\source\DesignExtractor\ParentsAbstractionExtractor.h" />
    <ClCompile Include="..\source\DesignExtractor\ParentsFollowsAbstractionBaseExtractor.h" />
    <ClCompile Include="..\source\DesignExtractor\UsesAbstractionExtractor.h" />
    <ClCompile Include="..\source\DesignExtractor\UsesModifiesAbstractionBaseExtractor.h" />
    <ClCompile Include="..\source\DesignExtractor\Entity.h" />
    <ClCompile Include="..\source\DesignExtractor\EntityExtractor.h" />
    <ClCompile Include="..\source\DesignExtractor\Extractor.h" />
    <ClCompile Include="..\source\DesignExtractor\FollowsAbstractionExtractor.h" />
    <ClCompile Include="..\source\DesignExtractor\ModifiesAbstractionExtractor.h" />
    <ClCompile Include="..\source\DesignExtractor\ParentsAbstractionExtractor.h" />
    <ClCompile Include="..\source\DesignExtractor\ParentsFollowsAbstractionBaseExtractor.h" />
    <ClCompile Include="..\source\DesignExtractor\UsesAbstractionExtractor.h" />
    <ClCompile Include="..\source\DesignExtractor\UsesModifiesAbstractionBaseExtractor.h" />
    <ClCompile Include="..\source\DesignExtractor\Entity.h" />
    <ClCompile Include="..\source\DesignExtractor\EntityExtractor.h" />
    <ClCompile Include="..\source\DesignExtractor\Extractor.h" />
    <ClCompile Include="..\source\DesignExtractor\FollowsAbstractionExtractor.h" />
    <ClCompile Include="..\source\DesignExtractor\ModifiesAbstractionExtractor.h" />
    <ClCompile Include="..\source\DesignExtractor\ParentsAbstractionExtractor.h" />
    <ClCompile Include="..\source\DesignExtractor\ParentsFollowsAbstractionBaseExtractor.h" />
    <ClCompile Include="..\source\DesignExtractor\UsesAbstractionExtractor.h" />
    <ClCompile Include="..\source\DesignExtractor\UsesModifiesAbstractionBaseExtractor.h" />
    <ClCompile Include="..\source\SimpleTokenizer\TokenizedConditionalStmt.cpp">
      <Filter>SimpleTokeniser</Filter>
    </ClCompile>
    <ClCompile Include="..\source\SimpleTokenizer\TokenizedProcedure.cpp">
      <Filter>SimpleTokeniser</Filter>
    </ClCompile>
    <ClCompile Include="..\source\SimpleTokenizer\TokenizedProgram.cpp">
      <Filter>SimpleTokeniser</Filter>
    </ClCompile>
    <ClCompile Include="..\source\SimpleTokenizer\TokenizedSemicolonStmt.cpp">
      <Filter>SimpleTokeniser</Filter>
    </ClCompile>
    <ClCompile Include="..\source\SimpleTokenizer\TokenizedStmt.cpp">
      <Filter>SimpleTokeniser</Filter>
    </ClCompile>
    <ClCompile Include="..\source\SimpleTokenizer\TokenizedStmtList.cpp">
      <Filter>SimpleTokeniser</Filter>
    </ClCompile>
    <ClCompile Include="..\source\AST\**\*.h">
      <Filter>AST</Filter>
    </ClCompile>
    <ClCompile Include="..\source\AST\**\*.h">
      <Filter>AST</Filter>
    </ClCompile>
    <ClCompile Include="..\source\AST\**\*.h">
      <Filter>AST</Filter>
    </ClCompile>
    <ClCompile Include="..\source\DesignExtractor\*.h">
      <Filter>DesignExtractor</Filter>
    </ClCompile>
    <ClCompile Include="..\source\DesignExtractor\*.h">
      <Filter>DesignExtractor</Filter>
    </ClCompile>
    <ClCompile Include="..\source\DesignExtractor\*.h">
      <Filter>DesignExtractor</Filter>
    </ClCompile>
    <ClCompile Include="..\source\DesignExtractor\*.h">
      <Filter>DesignExtractor</Filter>
    </ClCompile>
    <ClCompile Include="..\source\DesignExtractor\*.h">
      <Filter>DesignExtractor</Filter>
    </ClCompile>
    <ClCompile Include="..\source\DesignExtractor\*.h">
      <Filter>DesignExtractor</Filter>
    </ClCompile>
    <ClCompile Include="..\source\DesignExtractor\*.h">
      <Filter>DesignExtractor</Filter>
    </ClCompile>
    <ClCompile Include="..\source\DesignExtractor\*.h">
      <Filter>DesignExtractor</Filter>
    </ClCompile>
    <ClCompile Include="..\source\DesignExtractor\*.h">
      <Filter>DesignExtractor</Filter>
    </ClCompile>
    <ClCompile Include="..\source\DesignExtractor\*.h">
      <Filter>DesignExtractor</Filter>
    </ClCompile>
    <ClCompile Include="..\source\QPS\ResultsHandler.h">
      <Filter>QPS</Filter>
    </ClCompile>
    <ClCompile Include="..\source\QPS\ResultsHandler.cpp">
      <Filter>QPS</Filter>
    </ClCompile>
    <ClCompile Include="..\source\QPS\QueryResultsTable.h">
      <Filter>QPS</Filter>
    </ClCompile>
  </ItemGroup>
  <ItemGroup>
    <ClInclude Include="..\source\HelperFunctions.h" />
    <ClInclude Include="..\source\ApplicationWrapper.h" />
    <ClInclude Include="..\source\QPS\QueryDriver.h">
      <Filter>QPS</Filter>
    </ClInclude>
    <ClInclude Include="..\source\QPS\QueryObjects\QueryObject.h">
      <Filter>QPS</Filter>
    </ClInclude>
    <ClInclude Include="..\source\QPS\QueryObjects\QueryObjectFactory.h">
      <Filter>QPS</Filter>
    </ClInclude>
    <ClInclude Include="..\source\QPS\QueryParser.h">
      <Filter>QPS</Filter>
    </ClInclude>
    <ClInclude Include="..\source\QPS\QueryObjects\DesignObjectsFactory.h">
      <Filter>QPS</Filter>
    </ClInclude>
    <ClInclude Include="..\source\QPS\QueryObjects\DesignObjects.h">
      <Filter>QPS</Filter>
    </ClInclude>
    <ClInclude Include="..\source\QPS\DataAccessLayer.h">
      <Filter>QPS</Filter>
    </ClInclude>
    <ClInclude Include="..\source\QPS\QueryObjects\ClauseObject.h">
      <Filter>QPS</Filter>
    </ClInclude>
    <ClInclude Include="..\source\PKB\StorageClasses\EntityStorage.h">
      <Filter>PKB</Filter>
    </ClInclude>
    <ClInclude Include="..\source\PKB\Insertor.h">
      <Filter>PKB</Filter>
    </ClInclude>
    <ClInclude Include="..\source\PKB\Responder.h">
      <Filter>PKB</Filter>
    </ClInclude>
    <ClInclude Include="..\source\PKB\StorageClasses\AbstractionStorage.h">
      <Filter>PKB</Filter>
    </ClInclude>
    <ClInclude Include="..\source\PKB\StorageManager.h">
      <Filter>PKB</Filter>
    </ClInclude>
    <ClInclude Include="..\source\QPS\QueryObjects\SynonymObjects.h">
      <Filter>QPS</Filter>
    </ClInclude>
    <ClInclude Include="..\source\PKB.h">
      <Filter>PKB</Filter>
    </ClInclude>
    <ClInclude Include="..\source\QPS\QueryObjects\ClauseObjectFactory.h">
      <Filter>QPS</Filter>
    </ClInclude>
    <ClInclude Include="..\source\QPS\QueryObjects\PatternClauseObject.h">
      <Filter>QPS</Filter>
    </ClInclude>
    <ClInclude Include="..\source\QPS\Errors\SemanticError.h">
      <Filter>QPS</Filter>
    </ClInclude>
    <ClInclude Include="..\source\ExceptionMessages.h" />
    <ClInclude Include="..\source\QPS\DataAccessLayerStub.h">
      <Filter>QPS</Filter>
    </ClInclude>
    <ClInclude Include="..\source\SimpleTokenizer\TokenizedConditionalStmt.h">
      <Filter>SimpleTokeniser</Filter>
    </ClInclude>
    <ClInclude Include="..\source\SimpleTokenizer\TokenizedProcedure.h">
      <Filter>SimpleTokeniser</Filter>
    </ClInclude>
    <ClInclude Include="..\source\SimpleTokenizer\TokenizedProgram.h">
      <Filter>SimpleTokeniser</Filter>
    </ClInclude>
    <ClInclude Include="..\source\SimpleTokenizer\TokenizedSemicolonStmt.h">
      <Filter>SimpleTokeniser</Filter>
    </ClInclude>
    <ClInclude Include="..\source\SimpleTokenizer\TokenizedStmt.h">
      <Filter>SimpleTokeniser</Filter>
    </ClInclude>
    <ClInclude Include="..\source\SimpleTokenizer\TokenizedStmtList.h">
      <Filter>SimpleTokeniser</Filter>
    </ClInclude>
    <ClInclude Include="..\source\SimpleTokenizer\SIMPLETokenizer.h">
      <Filter>SimpleTokeniser</Filter>
    </ClInclude>
    <ClInclude Include="..\source\SimpleTokens\SeparatorToken.h">
      <Filter>SimpleTokens</Filter>
    </ClInclude>
    <ClInclude Include="..\source\SimpleTokens\Token.h">
      <Filter>SimpleTokens</Filter>
    </ClInclude>
    <ClInclude Include="..\source\SimpleTokens\TokenFactory.h">
      <Filter>SimpleTokens</Filter>
    </ClInclude>
    <ClInclude Include="..\source\SimpleTokens\IdentifierToken.h">
      <Filter>SimpleTokens</Filter>
    </ClInclude>
    <ClInclude Include="..\source\SimpleTokens\KeywordToken.h">
      <Filter>SimpleTokens</Filter>
    </ClInclude>
    <ClInclude Include="..\source\SimpleTokens\LiteralToken.h">
      <Filter>SimpleTokens</Filter>
    </ClInclude>
    <ClInclude Include="..\source\SimpleTokens\OperatorToken.h">
      <Filter>SimpleTokens</Filter>
    </ClInclude>
    <ClInclude Include="..\source\PQLTokenizer.h">
      <Filter>QPS</Filter>
    </ClInclude>
    <ClInclude Include="..\source\Constants\DesignEnums.h">
      <Filter>DesignExtractor</Filter>
    </ClInclude>
  </ItemGroup>
  <ItemGroup>
    <Filter Include="DesignExtractor">
      <UniqueIdentifier>{1d584919-ccba-4ea9-96b7-791660f1b4ea}</UniqueIdentifier>
    </Filter>
    <Filter Include="PKB">
      <UniqueIdentifier>{6201956b-e128-4998-b6ea-a98e16d1cd1c}</UniqueIdentifier>
    </Filter>
    <Filter Include="QPS">
      <UniqueIdentifier>{fee32231-bb97-4451-8a7b-975a2f243705}</UniqueIdentifier>
    </Filter>
    <Filter Include="AST">
      <UniqueIdentifier>{7fcbf307-5574-4833-a65d-daabea427266}</UniqueIdentifier>
    </Filter>
    <Filter Include="SimpleTokeniser">
      <UniqueIdentifier>{022da6b9-2544-4465-8868-f415a21ce18f}</UniqueIdentifier>
    </Filter>
    <Filter Include="SimpleTokens">
      <UniqueIdentifier>{886d1472-a647-4687-b0a2-d81ebc5374a2}</UniqueIdentifier>
    </Filter>
  </ItemGroup>
</Project>