<?xml version="1.0" encoding="utf-8"?>
<Project ToolsVersion="4.0" xmlns="http://schemas.microsoft.com/developer/msbuild/2003">
  <ItemGroup>
    <ClCompile Include="..\source\ApplicationWrapper.cpp" />
    <ClCompile Include="..\source\QPS\DataAccessLayer.cpp">
      <Filter>QPS</Filter>
    </ClCompile>
    <ClCompile Include="..\source\QPS\DataAccessLayerStub.cpp">
      <Filter>QPS</Filter>
    </ClCompile>
    <ClCompile Include="..\source\QPS\QueryBuilder.cpp">
      <Filter>QPS</Filter>
    </ClCompile>
    <ClCompile Include="..\source\QPS\QueryDriver.cpp">
      <Filter>QPS</Filter>
    </ClCompile>
    <ClCompile Include="..\source\QPS\QueryParser.cpp">
      <Filter>QPS</Filter>
    </ClCompile>
    <ClCompile Include="..\source\QPS\ResultsHandler.cpp">
      <Filter>QPS</Filter>
    </ClCompile>
    <ClCompile Include="..\source\QPS\QueryObjects\CallsObject.cpp">
      <Filter>QPS\QueryObjects</Filter>
    </ClCompile>
    <ClCompile Include="..\source\QPS\QueryObjects\FollowsParentObject.cpp">
      <Filter>QPS\QueryObjects</Filter>
    </ClCompile>
    <ClCompile Include="..\source\QPS\QueryObjects\ModifiesUsesObject.cpp">
      <Filter>QPS\QueryObjects</Filter>
    </ClCompile>
    <ClCompile Include="..\source\QPS\QueryObjects\QueryObjectFactory.cpp">
      <Filter>QPS\QueryObjects</Filter>
    </ClCompile>
    <ClCompile Include="..\source\SP\AST\BinaryOpNode.cpp">
      <Filter>SP\AST</Filter>
    </ClCompile>
    <ClCompile Include="..\source\SP\AST\Node.cpp">
      <Filter>SP\AST</Filter>
    </ClCompile>
    <ClCompile Include="..\source\SP\AST\TreeBuilder.cpp">
      <Filter>SP\AST</Filter>
    </ClCompile>
    <ClCompile Include="..\source\SP\AST\TreeBuilderHelper.cpp">
      <Filter>SP\AST</Filter>
    </ClCompile>
    <ClCompile Include="..\source\SP\AST\UnaryOpNode.cpp">
      <Filter>SP\AST</Filter>
    </ClCompile>
    <ClCompile Include="..\source\SP\DesignExtractor\CallsExtractor.cpp">
      <Filter>SP\DesignExtractor</Filter>
    </ClCompile>
    <ClCompile Include="..\source\SP\DesignExtractor\DesignExtractor.cpp">
      <Filter>SP\DesignExtractor</Filter>
    </ClCompile>
    <ClCompile Include="..\source\SP\DesignExtractor\EntityExtractor.cpp">
      <Filter>SP\DesignExtractor</Filter>
    </ClCompile>
    <ClCompile Include="..\source\SP\DesignExtractor\Extractor.cpp">
      <Filter>SP\DesignExtractor</Filter>
    </ClCompile>
    <ClCompile Include="..\source\SP\DesignExtractor\FollowsExtractor.cpp">
      <Filter>SP\DesignExtractor</Filter>
    </ClCompile>
    <ClCompile Include="..\source\SP\DesignExtractor\ModifiesExtractor.cpp">
      <Filter>SP\DesignExtractor</Filter>
    </ClCompile>
    <ClCompile Include="..\source\SP\DesignExtractor\NextExtractor.cpp">
      <Filter>SP\DesignExtractor</Filter>
    </ClCompile>
    <ClCompile Include="..\source\SP\DesignExtractor\ParentsExtractor.cpp">
      <Filter>SP\DesignExtractor</Filter>
    </ClCompile>
    <ClCompile Include="..\source\SP\DesignExtractor\ProcedureLineNumberExtractor.cpp">
      <Filter>SP\DesignExtractor</Filter>
    </ClCompile>
    <ClCompile Include="..\source\SP\DesignExtractor\UsesExtractor.cpp">
      <Filter>SP\DesignExtractor</Filter>
    </ClCompile>
    <ClCompile Include="..\source\SP\DesignExtractor\UsesModifiesExtractor.cpp">
      <Filter>SP\DesignExtractor</Filter>
    </ClCompile>
    <ClCompile Include="..\source\SP\DesignExtractor\AbstractionExtractor.cpp">
      <Filter>SP\DesignExtractor</Filter>
    </ClCompile>
    <ClCompile Include="..\source\SP\DesignExtractor\AbstractionStarExtractor.cpp">
      <Filter>SP\DesignExtractor</Filter>
    </ClCompile>
    <ClCompile Include="..\source\SP\SimpleProcessor\ProcessedCallStmt.cpp">
      <Filter>SP\SimpleProcessor</Filter>
    </ClCompile>
    <ClCompile Include="..\source\SP\SimpleProcessor\ProcessedConditionalStmt.cpp">
      <Filter>SP\SimpleProcessor</Filter>
    </ClCompile>
    <ClCompile Include="..\source\SP\SimpleProcessor\ProcessedIfStmt.cpp">
      <Filter>SP\SimpleProcessor</Filter>
    </ClCompile>
    <ClCompile Include="..\source\SP\SimpleProcessor\ProcessedPrintStmt.cpp">
      <Filter>SP\SimpleProcessor</Filter>
    </ClCompile>
    <ClCompile Include="..\source\SP\SimpleProcessor\ProcessedProcedure.cpp">
      <Filter>SP\SimpleProcessor</Filter>
    </ClCompile>
    <ClCompile Include="..\source\SP\SimpleProcessor\ProcessedProgram.cpp">
      <Filter>SP\SimpleProcessor</Filter>
    </ClCompile>
    <ClCompile Include="..\source\SP\SimpleProcessor\ProcessedReadStmt.cpp">
      <Filter>SP\SimpleProcessor</Filter>
    </ClCompile>
    <ClCompile Include="..\source\SP\SimpleProcessor\ProcessedSemicolonStmt.cpp">
      <Filter>SP\SimpleProcessor</Filter>
    </ClCompile>
    <ClCompile Include="..\source\SP\SimpleProcessor\ProcessedStmt.cpp">
      <Filter>SP\SimpleProcessor</Filter>
    </ClCompile>
    <ClCompile Include="..\source\SP\SimpleProcessor\ProcessedStmtList.cpp">
      <Filter>SP\SimpleProcessor</Filter>
    </ClCompile>
    <ClCompile Include="..\source\SP\SimpleProcessor\ProcessedWhileStmt.cpp">
      <Filter>SP\SimpleProcessor</Filter>
    </ClCompile>
    <ClCompile Include="..\source\SP\SimpleProcessor\SimpleProcessor.cpp">
      <Filter>SP\SimpleProcessor</Filter>
    </ClCompile>
    <ClCompile Include="..\source\SP\SimpleProcessor\ExpressionProcessor.cpp">
      <Filter>SP\SimpleProcessor</Filter>
    </ClCompile>
    <ClCompile Include="..\source\SP\SimpleProcessor\ProcessedAssignStmt.cpp">
      <Filter>SP\SimpleProcessor</Filter>
    </ClCompile>
    <ClCompile Include="..\source\SP\SimpleTokens\Token.cpp">
      <Filter>SP\SimpleTokens</Filter>
    </ClCompile>
    <ClCompile Include="..\source\SP\SimpleTokens\TokenFactory.cpp">
      <Filter>SP\SimpleTokens</Filter>
    </ClCompile>
    <ClCompile Include="..\source\SP\AST\TerminalNode.cpp">
      <Filter>SP\AST</Filter>
    </ClCompile>
    <ClCompile Include="..\source\QPS\QueryObjects\NextObjects.cpp">
      <Filter>QPS</Filter>
    </ClCompile>
    <ClCompile Include="..\source\QPS\QueryObjects\PatternClauseObject.cpp">
      <Filter>QPS\QueryObjects</Filter>
    </ClCompile>
    <ClCompile Include="..\source\QPS\QueryObjects\PatternClauseObjectFactory.cpp">
      <Filter>QPS\QueryObjects</Filter>
    </ClCompile>
  </ItemGroup>
  <ItemGroup>
    <ClInclude Include="..\source\ApplicationWrapper.h" />
    <ClInclude Include="..\source\ExceptionMessages.h" />
    <ClInclude Include="..\source\HelperFunctions.h" />
    <ClInclude Include="..\source\PKB.h" />
    <ClInclude Include="..\source\Constants\DesignEnums.h">
      <Filter>Constants</Filter>
    </ClInclude>
    <ClInclude Include="..\source\PKB\Insertor.h">
      <Filter>PKB</Filter>
    </ClInclude>
    <ClInclude Include="..\source\PKB\Responder.h">
      <Filter>PKB</Filter>
    </ClInclude>
    <ClInclude Include="..\source\PKB\StorageManager.h">
      <Filter>PKB</Filter>
    </ClInclude>
    <ClInclude Include="..\source\PKB\StorageClasses\AbstractionStorage.h">
      <Filter>PKB</Filter>
    </ClInclude>
    <ClInclude Include="..\source\PKB\StorageClasses\EntityStorage.h">
      <Filter>PKB</Filter>
    </ClInclude>
    <ClInclude Include="..\source\QPS\DataAccessLayer.h">
      <Filter>QPS</Filter>
    </ClInclude>
    <ClInclude Include="..\source\QPS\DataAccessLayerStub.h">
      <Filter>QPS</Filter>
    </ClInclude>
    <ClInclude Include="..\source\QPS\PQLTokenizer.h">
      <Filter>QPS</Filter>
    </ClInclude>
    <ClInclude Include="..\source\QPS\QueryBuilder.h">
      <Filter>QPS</Filter>
    </ClInclude>
    <ClInclude Include="..\source\QPS\QueryDriver.h">
      <Filter>QPS</Filter>
    </ClInclude>
    <ClInclude Include="..\source\QPS\QueryParser.h">
      <Filter>QPS</Filter>
    </ClInclude>
    <ClInclude Include="..\source\QPS\QueryResultsTable.h">
      <Filter>QPS</Filter>
    </ClInclude>
    <ClInclude Include="..\source\QPS\ResultsHandler.h">
      <Filter>QPS</Filter>
    </ClInclude>
    <ClInclude Include="..\source\QPS\QueryObjects\ClauseArg.h">
      <Filter>QPS\QueryObjects</Filter>
    </ClInclude>
    <ClInclude Include="..\source\QPS\QueryObjects\ClauseObject.h">
      <Filter>QPS\QueryObjects</Filter>
    </ClInclude>
    <ClInclude Include="..\source\QPS\QueryObjects\ClauseObjectFactory.h">
      <Filter>QPS\QueryObjects</Filter>
    </ClInclude>
    <ClInclude Include="..\source\QPS\QueryObjects\DesignObjects.h">
      <Filter>QPS\QueryObjects</Filter>
    </ClInclude>
    <ClInclude Include="..\source\QPS\QueryObjects\DesignObjectsFactory.h">
      <Filter>QPS\QueryObjects</Filter>
    </ClInclude>
    <ClInclude Include="..\source\QPS\QueryObjects\InvalidQueryObject.h">
      <Filter>QPS\QueryObjects</Filter>
    </ClInclude>
    <ClInclude Include="..\source\QPS\QueryObjects\PatternClauseObject.h">
      <Filter>QPS\QueryObjects</Filter>
    </ClInclude>
    <ClInclude Include="..\source\QPS\QueryObjects\PatternClauseObjectFactory.h">
      <Filter>QPS\QueryObjects</Filter>
    </ClInclude>
    <ClInclude Include="..\source\QPS\QueryObjects\QueryObject.h">
      <Filter>QPS\QueryObjects</Filter>
    </ClInclude>
    <ClInclude Include="..\source\QPS\QueryObjects\QueryObjectFactory.h">
      <Filter>QPS\QueryObjects</Filter>
    </ClInclude>
    <ClInclude Include="..\source\QPS\QueryObjects\SynonymObjects.h">
      <Filter>QPS\QueryObjects</Filter>
    </ClInclude>
    <ClInclude Include="..\source\QPS\Errors\QPSError.h">
      <Filter>QPS\Errors</Filter>
    </ClInclude>
    <ClInclude Include="..\source\QPS\Errors\SemanticError.h">
      <Filter>QPS\Errors</Filter>
    </ClInclude>
    <ClInclude Include="..\source\QPS\Errors\SyntaxError.h">
      <Filter>QPS\Errors</Filter>
    </ClInclude>
    <ClInclude Include="..\source\SP\AST\BinaryOpNode.h">
      <Filter>SP\AST</Filter>
    </ClInclude>
    <ClInclude Include="..\source\SP\AST\Node.h">
      <Filter>SP\AST</Filter>
    </ClInclude>
    <ClInclude Include="..\source\SP\AST\TerminalNode.h">
      <Filter>SP\AST</Filter>
    </ClInclude>
    <ClInclude Include="..\source\SP\AST\TreeBuilder.h">
      <Filter>SP\AST</Filter>
    </ClInclude>
    <ClInclude Include="..\source\SP\AST\TreeBuilderHelper.h">
      <Filter>SP\AST</Filter>
    </ClInclude>
    <ClInclude Include="..\source\SP\AST\UnaryOpNode.h">
      <Filter>SP\AST</Filter>
    </ClInclude>
    <ClInclude Include="..\source\SP\DesignExtractor\AbstractionStarExtractor.h">
      <Filter>SP\DesignExtractor</Filter>
    </ClInclude>
    <ClInclude Include="..\source\SP\DesignExtractor\CallsExtractor.h">
      <Filter>SP\DesignExtractor</Filter>
    </ClInclude>
    <ClInclude Include="..\source\SP\DesignExtractor\DesignExtractor.h">
      <Filter>SP\DesignExtractor</Filter>
    </ClInclude>
    <ClInclude Include="..\source\SP\DesignExtractor\EntityExtractor.h">
      <Filter>SP\DesignExtractor</Filter>
    </ClInclude>
    <ClInclude Include="..\source\SP\DesignExtractor\Extractor.h">
      <Filter>SP\DesignExtractor</Filter>
    </ClInclude>
    <ClInclude Include="..\source\SP\DesignExtractor\FollowsExtractor.h">
      <Filter>SP\DesignExtractor</Filter>
    </ClInclude>
    <ClInclude Include="..\source\SP\DesignExtractor\ModifiesExtractor.h">
      <Filter>SP\DesignExtractor</Filter>
    </ClInclude>
    <ClInclude Include="..\source\SP\DesignExtractor\NextExtractor.h">
      <Filter>SP\DesignExtractor</Filter>
    </ClInclude>
    <ClInclude Include="..\source\SP\DesignExtractor\ParentsExtractor.h">
      <Filter>SP\DesignExtractor</Filter>
    </ClInclude>
    <ClInclude Include="..\source\SP\DesignExtractor\ProcedureLineNumberExtractor.h">
      <Filter>SP\DesignExtractor</Filter>
    </ClInclude>
    <ClInclude Include="..\source\SP\DesignExtractor\UsesExtractor.h">
      <Filter>SP\DesignExtractor</Filter>
    </ClInclude>
    <ClInclude Include="..\source\SP\DesignExtractor\UsesModifiesExtractor.h">
      <Filter>SP\DesignExtractor</Filter>
    </ClInclude>
    <ClInclude Include="..\source\SP\DesignExtractor\AbstractionExtractor.h">
      <Filter>SP\DesignExtractor</Filter>
    </ClInclude>
    <ClInclude Include="..\source\SP\SimpleProcessor\ProcessedAssignStmt.h">
      <Filter>SP\SimpleProcessor</Filter>
    </ClInclude>
    <ClInclude Include="..\source\SP\SimpleProcessor\ProcessedCallStmt.h">
      <Filter>SP\SimpleProcessor</Filter>
    </ClInclude>
    <ClInclude Include="..\source\SP\SimpleProcessor\ProcessedConditionalStmt.h">
      <Filter>SP\SimpleProcessor</Filter>
    </ClInclude>
    <ClInclude Include="..\source\SP\SimpleProcessor\ProcessedIfStmt.h">
      <Filter>SP\SimpleProcessor</Filter>
    </ClInclude>
    <ClInclude Include="..\source\SP\SimpleProcessor\ProcessedPrintStmt.h">
      <Filter>SP\SimpleProcessor</Filter>
    </ClInclude>
    <ClInclude Include="..\source\SP\SimpleProcessor\ProcessedProcedure.h">
      <Filter>SP\SimpleProcessor</Filter>
    </ClInclude>
    <ClInclude Include="..\source\SP\SimpleProcessor\ProcessedProgram.h">
      <Filter>SP\SimpleProcessor</Filter>
    </ClInclude>
    <ClInclude Include="..\source\SP\SimpleProcessor\ProcessedReadStmt.h">
      <Filter>SP\SimpleProcessor</Filter>
    </ClInclude>
    <ClInclude Include="..\source\SP\SimpleProcessor\ProcessedSemicolonStmt.h">
      <Filter>SP\SimpleProcessor</Filter>
    </ClInclude>
    <ClInclude Include="..\source\SP\SimpleProcessor\ProcessedStmt.h">
      <Filter>SP\SimpleProcessor</Filter>
    </ClInclude>
    <ClInclude Include="..\source\SP\SimpleProcessor\ProcessedStmtList.h">
      <Filter>SP\SimpleProcessor</Filter>
    </ClInclude>
    <ClInclude Include="..\source\SP\SimpleProcessor\ProcessedWhileStmt.h">
      <Filter>SP\SimpleProcessor</Filter>
    </ClInclude>
    <ClInclude Include="..\source\SP\SimpleProcessor\SimpleProcessor.h">
      <Filter>SP\SimpleProcessor</Filter>
    </ClInclude>
    <ClInclude Include="..\source\SP\SimpleProcessor\ExpressionProcessor.h">
      <Filter>SP\SimpleProcessor</Filter>
    </ClInclude>
    <ClInclude Include="..\source\SP\SimpleTokens\IdentifierToken.h">
      <Filter>SP\SimpleTokens</Filter>
    </ClInclude>
    <ClInclude Include="..\source\SP\SimpleTokens\KeywordToken.h">
      <Filter>SP\SimpleTokens</Filter>
    </ClInclude>
    <ClInclude Include="..\source\SP\SimpleTokens\LiteralToken.h">
      <Filter>SP\SimpleTokens</Filter>
    </ClInclude>
    <ClInclude Include="..\source\SP\SimpleTokens\OperatorToken.h">
      <Filter>SP\SimpleTokens</Filter>
    </ClInclude>
    <ClInclude Include="..\source\SP\SimpleTokens\SeparatorToken.h">
      <Filter>SP\SimpleTokens</Filter>
    </ClInclude>
    <ClInclude Include="..\source\SP\SimpleTokens\Token.h">
      <Filter>SP\SimpleTokens</Filter>
    </ClInclude>
    <ClInclude Include="..\source\SP\SimpleTokens\TokenFactory.h">
      <Filter>SP\SimpleTokens</Filter>
    </ClInclude>
  </ItemGroup>
  <ItemGroup>
    <Filter Include="Constants">
      <UniqueIdentifier>{467ee122-6b83-418a-bcb7-d091cf9d744f}</UniqueIdentifier>
    </Filter>
    <Filter Include="PKB">
      <UniqueIdentifier>{87b7afe6-d53f-4c1e-bafb-852fc2f74b0d}</UniqueIdentifier>
    </Filter>
    <Filter Include="QPS">
      <UniqueIdentifier>{c3381d4b-9aa1-44ae-b8bf-b0b1830382ad}</UniqueIdentifier>
    </Filter>
    <Filter Include="QPS\QueryObjects">
      <UniqueIdentifier>{44a0c46b-66e8-4191-8267-e97eb467d92e}</UniqueIdentifier>
    </Filter>
    <Filter Include="QPS\Errors">
      <UniqueIdentifier>{6f6f4ca0-16a4-4e71-a4e5-97b2ff1d3c69}</UniqueIdentifier>
    </Filter>
    <Filter Include="SP">
      <UniqueIdentifier>{029228f9-5b1b-472c-a38c-eb1d38910846}</UniqueIdentifier>
    </Filter>
    <Filter Include="SP\AST">
      <UniqueIdentifier>{4acc69a2-c593-4249-8b93-88cd32afd327}</UniqueIdentifier>
    </Filter>
    <Filter Include="SP\DesignExtractor">
      <UniqueIdentifier>{15668f3b-4fb4-4433-8500-0bc0a7ddde3c}</UniqueIdentifier>
    </Filter>
    <Filter Include="SP\SimpleProcessor">
      <UniqueIdentifier>{3bc925de-6e61-4fee-8ebe-f9d1728d39a0}</UniqueIdentifier>
    </Filter>
    <Filter Include="SP\SimpleTokens">
      <UniqueIdentifier>{b83f6e21-9b5d-459c-8b6a-cf8ea86fb8da}</UniqueIdentifier>
    </Filter>
  </ItemGroup>
</Project>