<?xml version="1.0" encoding="utf-8"?>
<Project ToolsVersion="4.0" xmlns="http://schemas.microsoft.com/developer/msbuild/2003">
  <ItemGroup>
    <ClCompile Include="stdafx.cpp" />
    <ClCompile Include="TestHelperFunctions.cpp" />
    <ClCompile Include="TestPKBInsertStorageManager.cpp" />
    <ClCompile Include="TestPKBRespondStorageManager.cpp" />
    <ClCompile Include="TestQPSDriver.cpp" />
    <ClCompile Include="TestQPSQueryEval.cpp" />
    <ClCompile Include="TestSimpleTokenizer.cpp" />
    <ClCompile Include="TestToken.cpp" />
    <ClCompile Include="TestTokenFactory.cpp" />
    <ClCompile Include="TestEntity.cpp" />
    <ClCompile Include="TestPQLTokenizer.cpp" />
    <ClCompile Include="TestQPS.cpp" />
    <ClCompile Include="TestQPSDeclarationParser.cpp" />
    <ClCompile Include="TestQPSSelectionParser.cpp" />
    <ClCompile Include="TestDesignExtractor.cpp" />
    <ClCompile Include="TestAbstractions.cpp" />
    <ClCompile Include="TestAST.cpp" />
    <ClCompile Include="TestQPSQueryResultTable.cpp" />
    <ClCompile Include="TestQPSErrorQueries.cpp" />
    <ClCompile Include="TestAdapter.cpp" />
  </ItemGroup>
  <ItemGroup>
    <ClInclude Include="stdafx.h" />
    <ClInclude Include="targetver.h" />
  </ItemGroup>
</Project>